{
    "_readme": [
        "This file locks the dependencies of your project to a known state",
        "Read more about it at https://getcomposer.org/doc/01-basic-usage.md#installing-dependencies",
        "This file is @generated automatically"
    ],
    "content-hash": "44d26ff5cb5bdeb2c94c7615691bfe75",
    "packages": [
        {
            "name": "composer/semver",
            "version": "3.5.1",
            "source": {
                "type": "git",
                "url": "https://github.com/composer/semver.git",
                "reference": "528948210cc46f967a4b98e83b19e76f2b504993"
            },
            "dist": {
                "type": "zip",
                "url": "https://api.github.com/repos/composer/semver/zipball/528948210cc46f967a4b98e83b19e76f2b504993",
                "reference": "528948210cc46f967a4b98e83b19e76f2b504993",
                "shasum": ""
            },
            "require": {
                "php": "^5.3.2 || ^7.0 || ^8.0"
            },
            "require-dev": {
                "phpstan/phpstan": "^1.11",
                "symfony/phpunit-bridge": "^3 || ^7"
            },
            "type": "library",
            "extra": {
                "branch-alias": {
                    "dev-main": "3.x-dev"
                }
            },
            "autoload": {
                "psr-4": {
                    "Composer\\Semver\\": "src"
                }
            },
            "notification-url": "https://packagist.org/downloads/",
            "license": [
                "MIT"
            ],
            "authors": [
                {
                    "name": "Nils Adermann",
                    "email": "naderman@naderman.de",
                    "homepage": "http://www.naderman.de"
                },
                {
                    "name": "Jordi Boggiano",
                    "email": "j.boggiano@seld.be",
                    "homepage": "http://seld.be"
                },
                {
                    "name": "Rob Bast",
                    "email": "rob.bast@gmail.com",
                    "homepage": "http://robbast.nl"
                }
            ],
            "description": "Version comparison library that offers utilities, version constraint parsing and validation.",
            "keywords": [
                "semantic",
                "semver",
                "validation",
                "versioning"
            ],
            "support": {
                "irc": "ircs://irc.libera.chat:6697/composer",
                "issues": "https://github.com/composer/semver/issues",
                "source": "https://github.com/composer/semver/tree/3.5.1"
            },
            "funding": [
                {
                    "url": "https://packagist.com",
                    "type": "custom"
                },
                {
                    "url": "https://github.com/composer",
                    "type": "github"
                }
            ],
            "time": "2026-10-05T13:12:12+00:00"
        },
        {
            "name": "tbachert/spi",
            "version": "v1.0.5",
            "source": {
                "type": "git",
                "url": "https://github.com/Nevay/spi.git",
                "reference": "e7078767866d0a9e0f91d3f9d42a832df5e39002"
            },
            "dist": {
                "type": "zip",
                "url": "https://api.github.com/repos/Nevay/spi/zipball/e7078767866d0a9e0f91d3f9d42a832df5e39002",
                "reference": "e7078767866d0a9e0f91d3f9d42a832df5e39002",
                "shasum": ""
            },
            "require": {
                "composer-plugin-api": "^2.0",
                "composer/semver": "^1.0 || ^2.0 || ^3.0",
                "php": "^8.1"
            },
            "require-dev": {
                "composer/composer": "^2.0",
                "infection/infection": "^0.27.9",
                "phpunit/phpunit": "^10.5",
                "psalm/phar": "^5.18"
            },
            "type": "composer-plugin",
            "extra": {
                "class": "Nevay\\SPI\\Composer\\Plugin",
                "branch-alias": {
                    "dev-main": "1.0.x-dev"
                },
                "plugin-optional": true
            },
            "autoload": {
                "psr-4": {
                    "Nevay\\SPI\\": "src/"
                }
            },
            "notification-url": "https://packagist.org/downloads/",
            "license": [
                "Apache-2.0"
            ],
            "description": "Service provider loading facility",
            "keywords": [
                "service provider"
            ],
            "support": {
                "issues": "https://github.com/Nevay/spi/issues",
                "source": "https://github.com/Nevay/spi/tree/v1.0.5"
            },
            "time": "2025-06-29T15:42:06+00:00"
        }
    ],
    "packages-dev": [],
    "aliases": [],
    "minimum-stability": "stable",
    "stability-flags": {},
    "prefer-stable": false,
    "prefer-lowest": false,
    "platform": {},
    "platform-dev": {},
    "plugin-api-version": "2.9.0"
}
