{
    "_readme": [
        "This file locks the dependencies of your project to a known state",
        "Read more about it at https://getcomposer.org/doc/01-basic-usage.md#installing-dependencies",
        "This file is @generated automatically"
    ],
    "content-hash": "48d17c4f57ad607720c9426dfc14d633",
    "packages": [
        {
            "name": "x/bar",
            "version": "1.0.0",
            "require": {
                "x/foo": "^1.0"
            },
            "type": "metapackage"
        },
        {
            "name": "x/foo",
            "version": "1.0.0",
            "type": "metapackage"
        }
    ],
    "packages-dev": [],
    "aliases": [],
    "minimum-stability": "stable",
    "stability-flags": {},
    "prefer-stable": false,
    "prefer-lowest": false,
    "platform": {},
    "platform-dev": {},
    "plugin-api-version": "2.9.0"
}
