{
    "_readme": [
        "This file locks the dependencies of your project to a known state",
        "Read more about it at https://getcomposer.org/doc/01-basic-usage.md#installing-dependencies",
        "This file is @generated automatically"
    ],
    "content-hash": "17b6ba8dc60c05273b0c2178458eea51",
    "packages": [
        {
            "name": "symfony/runtime",
            "version": "v8.1.0",
            "source": {
                "type": "git",
                "url": "https://github.com/symfony/runtime.git",
                "reference": "b7ea1abe04561e814b3134db0f56c287cedb35cc"
            },
            "dist": {
                "type": "zip",
                "url": "https://api.github.com/repos/symfony/runtime/zipball/b7ea1abe04561e814b3134db0f56c287cedb35cc",
                "reference": "b7ea1abe04561e814b3134db0f56c287cedb35cc",
                "shasum": ""
            },
            "require": {
                "composer-plugin-api": "^1.0|^2.0",
                "php": ">=8.4.1"
            },
            "conflict": {
                "symfony/error-handler": "<7.4"
            },
            "require-dev": {
                "composer/composer": "^2.6",
                "symfony/console": "^7.4|^8.0",
                "symfony/dependency-injection": "^7.4|^8.0",
                "symfony/dotenv": "^7.4|^8.0",
                "symfony/http-foundation": "^7.4|^8.0",
                "symfony/http-kernel": "^7.4|^8.0"
            },
            "type": "composer-plugin",
            "extra": {
                "class": "Symfony\\Component\\Runtime\\Internal\\ComposerPlugin"
            },
            "autoload": {
                "psr-4": {
                    "Symfony\\Component\\Runtime\\": "",
                    "Symfony\\Runtime\\Symfony\\Component\\": "Internal/"
                },
                "exclude-from-classmap": [
                    "/Tests/"
                ]
            },
            "notification-url": "https://packagist.org/downloads/",
            "license": [
                "MIT"
            ],
            "authors": [
                {
                    "name": "Nicolas Grekas",
                    "email": "p@tchwork.com"
                },
                {
                    "name": "Symfony Community",
                    "homepage": "https://symfony.com/contributors"
                }
            ],
            "description": "Enables decoupling PHP applications from global state",
            "homepage": "https://symfony.com",
            "keywords": [
                "runtime"
            ],
            "support": {
                "source": "https://github.com/symfony/runtime/tree/v8.1.0"
            },
            "funding": [
                {
                    "url": "https://symfony.com/sponsor",
                    "type": "custom"
                },
                {
                    "url": "https://github.com/fabpot",
                    "type": "github"
                },
                {
                    "url": "https://github.com/nicolas-grekas",
                    "type": "github"
                },
                {
                    "url": "https://tidelift.com/funding/github/packagist/symfony/symfony",
                    "type": "tidelift"
                }
            ],
            "time": "2026-05-29T05:06:50+00:00"
        }
    ],
    "packages-dev": [],
    "aliases": [],
    "minimum-stability": "stable",
    "stability-flags": {},
    "prefer-stable": false,
    "prefer-lowest": false,
    "platform": {},
    "platform-dev": {},
    "plugin-api-version": "2.9.0"
}
