{
    "_readme": [
        "This file locks the dependencies of your project to a known state",
        "Read more about it at https://getcomposer.org/doc/01-basic-usage.md#installing-dependencies",
        "This file is @generated automatically"
    ],
    "content-hash": "00000000000000000000000000000000",
    "packages": [
        {
            "name": "x/old",
            "version": "1.0.0",
            "provide": {
                "ext-oldfill": "0.1.0"
            },
            "type": "metapackage"
        },
        {
            "name": "x/poly",
            "version": "1.0.0",
            "provide": {
                "ext-polyfill": "1.2.0"
            },
            "type": "metapackage"
        }
    ],
    "packages-dev": [
        {
            "name": "x/devtool",
            "version": "1.0.0",
            "require": {
                "ext-devonly": "^1.0"
            },
            "type": "metapackage"
        }
    ],
    "aliases": [],
    "minimum-stability": "stable",
    "stability-flags": {},
    "prefer-stable": false,
    "prefer-lowest": false,
    "platform": {},
    "platform-dev": {},
    "plugin-api-version": "2.9.0"
}
