{
    "_readme": [
        "This file locks the dependencies of your project to a known state",
        "Read more about it at https://getcomposer.org/doc/01-basic-usage.md#installing-dependencies",
        "This file is @generated automatically"
    ],
    "content-hash": "06d76d8f82a86bf294557dc36d880d67",
    "packages": [],
    "packages-dev": [
        {
            "name": "captainhook/captainhook",
            "version": "5.29.2",
            "source": {
                "type": "git",
                "url": "https://github.com/captainhook-git/captainhook.git",
                "reference": "805d44b0de8ed143f4acfb8c6bcb788cdbc42963"
            },
            "dist": {
                "type": "zip",
                "url": "https://api.github.com/repos/captainhook-git/captainhook/zipball/805d44b0de8ed143f4acfb8c6bcb788cdbc42963",
                "reference": "805d44b0de8ed143f4acfb8c6bcb788cdbc42963",
                "shasum": ""
            },
            "require": {
                "captainhook/secrets": "^0.9.4",
                "ext-json": "*",
                "ext-spl": "*",
                "ext-xml": "*",
                "php": ">=8.0",
                "sebastianfeldmann/camino": "^0.9.2",
                "sebastianfeldmann/cli": "^3.3",
                "sebastianfeldmann/git": "^3.16.0",
                "symfony/console": "^2.7 || ^3.0 || ^4.0 || ^5.0 || ^6.0 || ^7.0 || ^8.0",
                "symfony/filesystem": "^2.7 || ^3.0 || ^4.0 || ^5.0 || ^6.0 || ^7.0 || ^8.0",
                "symfony/process": "^2.7 || ^3.0 || ^4.0 || ^5.0 || ^6.0 || ^7.0 || ^8.0"
            },
            "replace": {
                "sebastianfeldmann/captainhook": "*"
            },
            "require-dev": {
                "composer/composer": "~1 || ^2.0",
                "mikey179/vfsstream": "~1"
            },
            "bin": [
                "bin/captainhook"
            ],
            "type": "library",
            "extra": {
                "captainhook": {
                    "config": "captainhook.json"
                },
                "branch-alias": {
                    "dev-main": "6.0.x-dev"
                }
            },
            "autoload": {
                "psr-4": {
                    "CaptainHook\\App\\": "src/"
                }
            },
            "notification-url": "https://packagist.org/downloads/",
            "license": [
                "MIT"
            ],
            "authors": [
                {
                    "name": "Sebastian Feldmann",
                    "email": "sf@sebastian-feldmann.info"
                }
            ],
            "description": "PHP git hook manager",
            "homepage": "https://php.captainhook.info/",
            "keywords": [
                "commit-msg",
                "git",
                "hooks",
                "post-merge",
                "pre-commit",
                "pre-push",
                "prepare-commit-msg"
            ],
            "support": {
                "issues": "https://github.com/captainhook-git/captainhook/issues",
                "source": "https://github.com/captainhook-git/captainhook/tree/5.29.2"
            },
            "funding": [
                {
                    "url": "https://github.com/sponsors/sebastianfeldmann",
                    "type": "github"
                }
            ],
            "time": "2026-03-25T19:32:25+00:00"
        },
        {
            "name": "captainhook/hook-installer",
            "version": "1.0.5",
            "source": {
                "type": "git",
                "url": "https://github.com/captainhook-git/hook-installer.git",
                "reference": "b184bebf8a76e78adb98c1953a82eed14232f0ae"
            },
            "dist": {
                "type": "zip",
                "url": "https://api.github.com/repos/captainhook-git/hook-installer/zipball/b184bebf8a76e78adb98c1953a82eed14232f0ae",
                "reference": "b184bebf8a76e78adb98c1953a82eed14232f0ae",
                "shasum": ""
            },
            "require": {
                "composer-plugin-api": "^1.1|^2.0",
                "php": ">=8.0"
            },
            "require-dev": {
                "composer/composer": "*"
            },
            "type": "composer-plugin",
            "extra": {
                "class": "CaptainHook\\HookInstaller\\ComposerPlugin"
            },
            "autoload": {
                "psr-4": {
                    "CaptainHook\\HookInstaller\\": "src"
                }
            },
            "notification-url": "https://packagist.org/downloads/",
            "license": [
                "MIT"
            ],
            "authors": [
                {
                    "name": "Sebastian Feldmann",
                    "email": "sf@sebastian-feldmann.info"
                }
            ],
            "description": "Composer Plugin that makes everyone activate the CaptainHook git hooks locally",
            "support": {
                "issues": "https://github.com/captainhook-git/hook-installer/issues",
                "source": "https://github.com/captainhook-git/hook-installer/tree/1.0.5"
            },
            "time": "2026-08-02T20:10:37+00:00"
        },
        {
            "name": "captainhook/secrets",
            "version": "0.9.7",
            "source": {
                "type": "git",
                "url": "https://github.com/captainhook-git/secrets.git",
                "reference": "d62c97f75f81ac98e22f1c282482bd35fa82f631"
            },
            "dist": {
                "type": "zip",
                "url": "https://api.github.com/repos/captainhook-git/secrets/zipball/d62c97f75f81ac98e22f1c282482bd35fa82f631",
                "reference": "d62c97f75f81ac98e22f1c282482bd35fa82f631",
                "shasum": ""
            },
            "require": {
                "ext-mbstring": "*",
                "php": ">=8.0"
            },
            "type": "library",
            "autoload": {
                "psr-4": {
                    "CaptainHook\\Secrets\\": "src/"
                }
            },
            "notification-url": "https://packagist.org/downloads/",
            "license": [
                "MIT"
            ],
            "authors": [
                {
                    "name": "Sebastian Feldmann",
                    "email": "sf@sebastian-feldmann.info"
                }
            ],
            "description": "Utility classes to detect secrets",
            "keywords": [
                "commit-msg",
                "keys",
                "passwords",
                "post-merge",
                "prepare-commit-msg",
                "secrets",
                "tokens"
            ],
            "support": {
                "issues": "https://github.com/captainhook-git/secrets/issues",
                "source": "https://github.com/captainhook-git/secrets/tree/0.9.7"
            },
            "funding": [
                {
                    "url": "https://github.com/sponsors/sebastianfeldmann",
                    "type": "github"
                }
            ],
            "time": "2025-04-08T07:10:48+00:00"
        },
        {
            "name": "psr/container",
            "version": "2.0.2",
            "source": {
                "type": "git",
                "url": "https://github.com/php-fig/container.git",
                "reference": "c71ecc56dfe541dbd90c5360474fbc405f8d5963"
            },
            "dist": {
                "type": "zip",
                "url": "https://api.github.com/repos/php-fig/container/zipball/c71ecc56dfe541dbd90c5360474fbc405f8d5963",
                "reference": "c71ecc56dfe541dbd90c5360474fbc405f8d5963",
                "shasum": ""
            },
            "require": {
                "php": ">=7.4.0"
            },
            "type": "library",
            "extra": {
                "branch-alias": {
                    "dev-master": "2.0.x-dev"
                }
            },
            "autoload": {
                "psr-4": {
                    "Psr\\Container\\": "src/"
                }
            },
            "notification-url": "https://packagist.org/downloads/",
            "license": [
                "MIT"
            ],
            "authors": [
                {
                    "name": "PHP-FIG",
                    "homepage": "https://www.php-fig.org/"
                }
            ],
            "description": "Common Container Interface (PHP FIG PSR-11)",
            "homepage": "https://github.com/php-fig/container",
            "keywords": [
                "PSR-11",
                "container",
                "container-interface",
                "container-interop",
                "psr"
            ],
            "support": {
                "issues": "https://github.com/php-fig/container/issues",
                "source": "https://github.com/php-fig/container/tree/2.0.2"
            },
            "time": "2021-11-05T16:47:00+00:00"
        },
        {
            "name": "sebastianfeldmann/camino",
            "version": "0.9.5",
            "source": {
                "type": "git",
                "url": "https://github.com/sebastianfeldmann/camino.git",
                "reference": "bf2e4c8b2a029e9eade43666132b61331e3e8184"
            },
            "dist": {
                "type": "zip",
                "url": "https://api.github.com/repos/sebastianfeldmann/camino/zipball/bf2e4c8b2a029e9eade43666132b61331e3e8184",
                "reference": "bf2e4c8b2a029e9eade43666132b61331e3e8184",
                "shasum": ""
            },
            "require": {
                "php": ">=7.1"
            },
            "type": "library",
            "extra": {
                "branch-alias": {
                    "dev-master": "1.0.x-dev"
                }
            },
            "autoload": {
                "psr-4": {
                    "SebastianFeldmann\\Camino\\": "src/"
                }
            },
            "notification-url": "https://packagist.org/downloads/",
            "license": [
                "MIT"
            ],
            "authors": [
                {
                    "name": "Sebastian Feldmann",
                    "email": "sf@sebastian-feldmann.info"
                }
            ],
            "description": "Path management the OO way",
            "homepage": "https://github.com/sebastianfeldmann/camino",
            "keywords": [
                "file system",
                "path"
            ],
            "support": {
                "issues": "https://github.com/sebastianfeldmann/camino/issues",
                "source": "https://github.com/sebastianfeldmann/camino/tree/0.9.5"
            },
            "funding": [
                {
                    "url": "https://github.com/sebastianfeldmann",
                    "type": "github"
                }
            ],
            "time": "2022-01-03T13:15:10+00:00"
        },
        {
            "name": "sebastianfeldmann/cli",
            "version": "3.4.2",
            "source": {
                "type": "git",
                "url": "https://github.com/sebastianfeldmann/cli.git",
                "reference": "6fa122afd528dae7d7ec988a604aa6c600f5d9b5"
            },
            "dist": {
                "type": "zip",
                "url": "https://api.github.com/repos/sebastianfeldmann/cli/zipball/6fa122afd528dae7d7ec988a604aa6c600f5d9b5",
                "reference": "6fa122afd528dae7d7ec988a604aa6c600f5d9b5",
                "shasum": ""
            },
            "require": {
                "php": ">=7.2"
            },
            "require-dev": {
                "symfony/process": "^4.3 | ^5.0"
            },
            "type": "library",
            "extra": {
                "branch-alias": {
                    "dev-master": "3.4.x-dev"
                }
            },
            "autoload": {
                "psr-4": {
                    "SebastianFeldmann\\Cli\\": "src/"
                }
            },
            "notification-url": "https://packagist.org/downloads/",
            "license": [
                "MIT"
            ],
            "authors": [
                {
                    "name": "Sebastian Feldmann",
                    "email": "sf@sebastian-feldmann.info"
                }
            ],
            "description": "PHP cli helper classes",
            "homepage": "https://github.com/sebastianfeldmann/cli",
            "keywords": [
                "cli"
            ],
            "support": {
                "issues": "https://github.com/sebastianfeldmann/cli/issues",
                "source": "https://github.com/sebastianfeldmann/cli/tree/3.4.2"
            },
            "funding": [
                {
                    "url": "https://github.com/sebastianfeldmann",
                    "type": "github"
                }
            ],
            "time": "2024-11-26T10:19:01+00:00"
        },
        {
            "name": "sebastianfeldmann/git",
            "version": "3.16.0",
            "source": {
                "type": "git",
                "url": "https://github.com/sebastianfeldmann/git.git",
                "reference": "40a5cc043f0957228767f639e370ec92590e940f"
            },
            "dist": {
                "type": "zip",
                "url": "https://api.github.com/repos/sebastianfeldmann/git/zipball/40a5cc043f0957228767f639e370ec92590e940f",
                "reference": "40a5cc043f0957228767f639e370ec92590e940f",
                "shasum": ""
            },
            "require": {
                "ext-json": "*",
                "ext-libxml": "*",
                "ext-simplexml": "*",
                "php": ">=8.0",
                "sebastianfeldmann/cli": "^3.0"
            },
            "require-dev": {
                "mikey179/vfsstream": "^1.6"
            },
            "type": "library",
            "extra": {
                "branch-alias": {
                    "dev-master": "4.0.x-dev"
                }
            },
            "autoload": {
                "psr-4": {
                    "SebastianFeldmann\\Git\\": "src/"
                }
            },
            "notification-url": "https://packagist.org/downloads/",
            "license": [
                "MIT"
            ],
            "authors": [
                {
                    "name": "Sebastian Feldmann",
                    "email": "sf@sebastian-feldmann.info"
                }
            ],
            "description": "PHP git wrapper",
            "homepage": "https://github.com/sebastianfeldmann/git",
            "keywords": [
                "git"
            ],
            "support": {
                "issues": "https://github.com/sebastianfeldmann/git/issues",
                "source": "https://github.com/sebastianfeldmann/git/tree/3.16.0"
            },
            "funding": [
                {
                    "url": "https://github.com/sebastianfeldmann",
                    "type": "github"
                }
            ],
            "time": "2026-01-26T20:59:18+00:00"
        },
        {
            "name": "symfony/console",
            "version": "v8.1.8",
            "source": {
                "type": "git",
                "url": "https://github.com/symfony/console.git",
                "reference": "4b81146e3ee248ea969186f85499b54fbc78db08"
            },
            "dist": {
                "type": "zip",
                "url": "https://api.github.com/repos/symfony/console/zipball/4b81146e3ee248ea969186f85499b54fbc78db08",
                "reference": "4b81146e3ee248ea969186f85499b54fbc78db08",
                "shasum": ""
            },
            "require": {
                "php": ">=8.4.1",
                "symfony/deprecation-contracts": "^2.5|^3",
                "symfony/polyfill-mbstring": "^1.0",
                "symfony/polyfill-php85": "^1.32",
                "symfony/service-contracts": "^2.5|^3",
                "symfony/string": "^7.4.6|^8.0.6"
            },
            "conflict": {
                "symfony/dependency-injection": "<8.1",
                "symfony/event-dispatcher": "<8.1"
            },
            "provide": {
                "psr/log-implementation": "1.0|2.0|3.0"
            },
            "require-dev": {
                "psr/log": "^1|^2|^3",
                "symfony/config": "^7.4|^8.0",
                "symfony/dependency-injection": "^8.1",
                "symfony/event-dispatcher": "^8.1",
                "symfony/filesystem": "^7.4|^8.0",
                "symfony/http-foundation": "^7.4|^8.0",
                "symfony/http-kernel": "^7.4|^8.0",
                "symfony/lock": "^7.4|^8.0",
                "symfony/messenger": "^7.4|^8.0",
                "symfony/mime": "^7.4|^8.0",
                "symfony/process": "^7.4|^8.0",
                "symfony/stopwatch": "^7.4|^8.0",
                "symfony/uid": "^7.4|^8.0",
                "symfony/validator": "^7.4|^8.0",
                "symfony/var-dumper": "^7.4|^8.0"
            },
            "type": "library",
            "autoload": {
                "psr-4": {
                    "Symfony\\Component\\Console\\": ""
                },
                "exclude-from-classmap": [
                    "/Tests/"
                ]
            },
            "notification-url": "https://packagist.org/downloads/",
            "license": [
                "MIT"
            ],
            "authors": [
                {
                    "name": "Fabien Potencier",
                    "email": "fabien@symfony.com"
                },
                {
                    "name": "Symfony Community",
                    "homepage": "https://symfony.com/contributors"
                }
            ],
            "description": "Eases the creation of beautiful and testable command line interfaces",
            "homepage": "https://symfony.com",
            "keywords": [
                "cli",
                "command-line",
                "console",
                "terminal"
            ],
            "support": {
                "source": "https://github.com/symfony/console/tree/v8.1.8"
            },
            "funding": [
                {
                    "url": "https://symfony.com/sponsor",
                    "type": "custom"
                },
                {
                    "url": "https://github.com/fabpot",
                    "type": "github"
                },
                {
                    "url": "https://github.com/nicolas-grekas",
                    "type": "github"
                },
                {
                    "url": "https://tidelift.com/funding/github/packagist/symfony/symfony",
                    "type": "tidelift"
                }
            ],
            "time": "2026-09-18T16:00:27+00:00"
        },
        {
            "name": "symfony/deprecation-contracts",
            "version": "v3.7.1",
            "source": {
                "type": "git",
                "url": "https://github.com/symfony/deprecation-contracts.git",
                "reference": "f3202fa1b5097b0af062dc978b32ecf63404e31d"
            },
            "dist": {
                "type": "zip",
                "url": "https://api.github.com/repos/symfony/deprecation-contracts/zipball/f3202fa1b5097b0af062dc978b32ecf63404e31d",
                "reference": "f3202fa1b5097b0af062dc978b32ecf63404e31d",
                "shasum": ""
            },
            "require": {
                "php": ">=8.1"
            },
            "type": "library",
            "extra": {
                "thanks": {
                    "url": "https://github.com/symfony/contracts",
                    "name": "symfony/contracts"
                },
                "branch-alias": {
                    "dev-main": "3.7-dev"
                }
            },
            "autoload": {
                "files": [
                    "function.php"
                ]
            },
            "notification-url": "https://packagist.org/downloads/",
            "license": [
                "MIT"
            ],
            "authors": [
                {
                    "name": "Nicolas Grekas",
                    "email": "p@tchwork.com"
                },
                {
                    "name": "Symfony Community",
                    "homepage": "https://symfony.com/contributors"
                }
            ],
            "description": "A generic function and convention to trigger deprecation notices",
            "homepage": "https://symfony.com",
            "support": {
                "source": "https://github.com/symfony/deprecation-contracts/tree/v3.7.1"
            },
            "funding": [
                {
                    "url": "https://symfony.com/sponsor",
                    "type": "custom"
                },
                {
                    "url": "https://github.com/fabpot",
                    "type": "github"
                },
                {
                    "url": "https://github.com/nicolas-grekas",
                    "type": "github"
                },
                {
                    "url": "https://tidelift.com/funding/github/packagist/symfony/symfony",
                    "type": "tidelift"
                }
            ],
            "time": "2026-06-05T06:23:12+00:00"
        },
        {
            "name": "symfony/filesystem",
            "version": "v8.1.6",
            "source": {
                "type": "git",
                "url": "https://github.com/symfony/filesystem.git",
                "reference": "7599ebb855fede59413ddb7f15198d67bfcae7ba"
            },
            "dist": {
                "type": "zip",
                "url": "https://api.github.com/repos/symfony/filesystem/zipball/7599ebb855fede59413ddb7f15198d67bfcae7ba",
                "reference": "7599ebb855fede59413ddb7f15198d67bfcae7ba",
                "shasum": ""
            },
            "require": {
                "php": ">=8.4.1",
                "symfony/deprecation-contracts": "^2.5|^3",
                "symfony/polyfill-ctype": "~1.8",
                "symfony/polyfill-mbstring": "~1.8"
            },
            "require-dev": {
                "symfony/process": "^7.4|^8.0"
            },
            "type": "library",
            "autoload": {
                "psr-4": {
                    "Symfony\\Component\\Filesystem\\": ""
                },
                "exclude-from-classmap": [
                    "/Tests/"
                ]
            },
            "notification-url": "https://packagist.org/downloads/",
            "license": [
                "MIT"
            ],
            "authors": [
                {
                    "name": "Fabien Potencier",
                    "email": "fabien@symfony.com"
                },
                {
                    "name": "Symfony Community",
                    "homepage": "https://symfony.com/contributors"
                }
            ],
            "description": "Provides basic utilities for the filesystem",
            "homepage": "https://symfony.com",
            "support": {
                "source": "https://github.com/symfony/filesystem/tree/v8.1.6"
            },
            "funding": [
                {
                    "url": "https://symfony.com/sponsor",
                    "type": "custom"
                },
                {
                    "url": "https://github.com/fabpot",
                    "type": "github"
                },
                {
                    "url": "https://github.com/nicolas-grekas",
                    "type": "github"
                },
                {
                    "url": "https://tidelift.com/funding/github/packagist/symfony/symfony",
                    "type": "tidelift"
                }
            ],
            "time": "2026-08-23T10:06:25+00:00"
        },
        {
            "name": "symfony/polyfill-ctype",
            "version": "v1.37.0",
            "source": {
                "type": "git",
                "url": "https://github.com/symfony/polyfill-ctype.git",
                "reference": "141046a8f9477948ff284fa65be2095baafb94f2"
            },
            "dist": {
                "type": "zip",
                "url": "https://api.github.com/repos/symfony/polyfill-ctype/zipball/141046a8f9477948ff284fa65be2095baafb94f2",
                "reference": "141046a8f9477948ff284fa65be2095baafb94f2",
                "shasum": ""
            },
            "require": {
                "php": ">=7.2"
            },
            "provide": {
                "ext-ctype": "*"
            },
            "suggest": {
                "ext-ctype": "For best performance"
            },
            "type": "library",
            "extra": {
                "thanks": {
                    "url": "https://github.com/symfony/polyfill",
                    "name": "symfony/polyfill"
                }
            },
            "autoload": {
                "files": [
                    "bootstrap.php"
                ],
                "psr-4": {
                    "Symfony\\Polyfill\\Ctype\\": ""
                }
            },
            "notification-url": "https://packagist.org/downloads/",
            "license": [
                "MIT"
            ],
            "authors": [
                {
                    "name": "Gert de Pagter",
                    "email": "BackEndTea@gmail.com"
                },
                {
                    "name": "Symfony Community",
                    "homepage": "https://symfony.com/contributors"
                }
            ],
            "description": "Symfony polyfill for ctype functions",
            "homepage": "https://symfony.com",
            "keywords": [
                "compatibility",
                "ctype",
                "polyfill",
                "portable"
            ],
            "support": {
                "source": "https://github.com/symfony/polyfill-ctype/tree/v1.37.0"
            },
            "funding": [
                {
                    "url": "https://symfony.com/sponsor",
                    "type": "custom"
                },
                {
                    "url": "https://github.com/fabpot",
                    "type": "github"
                },
                {
                    "url": "https://github.com/nicolas-grekas",
                    "type": "github"
                },
                {
                    "url": "https://tidelift.com/funding/github/packagist/symfony/symfony",
                    "type": "tidelift"
                }
            ],
            "time": "2026-04-10T16:19:22+00:00"
        },
        {
            "name": "symfony/polyfill-intl-grapheme",
            "version": "v1.43.0",
            "source": {
                "type": "git",
                "url": "https://github.com/symfony/polyfill-intl-grapheme.git",
                "reference": "5cac8f4db97208823aa353f59a01faad2da52c75"
            },
            "dist": {
                "type": "zip",
                "url": "https://api.github.com/repos/symfony/polyfill-intl-grapheme/zipball/5cac8f4db97208823aa353f59a01faad2da52c75",
                "reference": "5cac8f4db97208823aa353f59a01faad2da52c75",
                "shasum": ""
            },
            "require": {
                "php": ">=7.2"
            },
            "suggest": {
                "ext-intl": "For best performance"
            },
            "type": "library",
            "extra": {
                "thanks": {
                    "url": "https://github.com/symfony/polyfill",
                    "name": "symfony/polyfill"
                }
            },
            "autoload": {
                "files": [
                    "bootstrap.php"
                ],
                "psr-4": {
                    "Symfony\\Polyfill\\Intl\\Grapheme\\": ""
                }
            },
            "notification-url": "https://packagist.org/downloads/",
            "license": [
                "MIT"
            ],
            "authors": [
                {
                    "name": "Nicolas Grekas",
                    "email": "p@tchwork.com"
                },
                {
                    "name": "Symfony Community",
                    "homepage": "https://symfony.com/contributors"
                }
            ],
            "description": "Symfony polyfill for intl's grapheme_* functions",
            "homepage": "https://symfony.com",
            "keywords": [
                "compatibility",
                "grapheme",
                "intl",
                "polyfill",
                "portable",
                "shim"
            ],
            "support": {
                "source": "https://github.com/symfony/polyfill-intl-grapheme/tree/v1.43.0"
            },
            "funding": [
                {
                    "url": "https://symfony.com/sponsor",
                    "type": "custom"
                },
                {
                    "url": "https://github.com/fabpot",
                    "type": "github"
                },
                {
                    "url": "https://github.com/nicolas-grekas",
                    "type": "github"
                },
                {
                    "url": "https://tidelift.com/funding/github/packagist/symfony/symfony",
                    "type": "tidelift"
                }
            ],
            "time": "2026-09-25T15:46:47+00:00"
        },
        {
            "name": "symfony/polyfill-intl-normalizer",
            "version": "v1.43.0",
            "source": {
                "type": "git",
                "url": "https://github.com/symfony/polyfill-intl-normalizer.git",
                "reference": "ebd57ccc7edb93d632e184efbe7693d2517bab3b"
            },
            "dist": {
                "type": "zip",
                "url": "https://api.github.com/repos/symfony/polyfill-intl-normalizer/zipball/ebd57ccc7edb93d632e184efbe7693d2517bab3b",
                "reference": "ebd57ccc7edb93d632e184efbe7693d2517bab3b",
                "shasum": ""
            },
            "require": {
                "php": ">=7.2"
            },
            "suggest": {
                "ext-intl": "For best performance"
            },
            "type": "library",
            "extra": {
                "thanks": {
                    "url": "https://github.com/symfony/polyfill",
                    "name": "symfony/polyfill"
                }
            },
            "autoload": {
                "files": [
                    "bootstrap.php"
                ],
                "psr-4": {
                    "Symfony\\Polyfill\\Intl\\Normalizer\\": ""
                },
                "classmap": [
                    "Resources/stubs"
                ]
            },
            "notification-url": "https://packagist.org/downloads/",
            "license": [
                "MIT"
            ],
            "authors": [
                {
                    "name": "Nicolas Grekas",
                    "email": "p@tchwork.com"
                },
                {
                    "name": "Symfony Community",
                    "homepage": "https://symfony.com/contributors"
                }
            ],
            "description": "Symfony polyfill for intl's Normalizer class and related functions",
            "homepage": "https://symfony.com",
            "keywords": [
                "compatibility",
                "intl",
                "normalizer",
                "polyfill",
                "portable",
                "shim"
            ],
            "support": {
                "source": "https://github.com/symfony/polyfill-intl-normalizer/tree/v1.43.0"
            },
            "funding": [
                {
                    "url": "https://symfony.com/sponsor",
                    "type": "custom"
                },
                {
                    "url": "https://github.com/fabpot",
                    "type": "github"
                },
                {
                    "url": "https://github.com/nicolas-grekas",
                    "type": "github"
                },
                {
                    "url": "https://tidelift.com/funding/github/packagist/symfony/symfony",
                    "type": "tidelift"
                }
            ],
            "time": "2026-09-23T22:02:09+00:00"
        },
        {
            "name": "symfony/polyfill-mbstring",
            "version": "v1.43.0",
            "source": {
                "type": "git",
                "url": "https://github.com/symfony/polyfill-mbstring.git",
                "reference": "4d5d331bf731e0aedbc6b2f5e61135b7b7996a72"
            },
            "dist": {
                "type": "zip",
                "url": "https://api.github.com/repos/symfony/polyfill-mbstring/zipball/4d5d331bf731e0aedbc6b2f5e61135b7b7996a72",
                "reference": "4d5d331bf731e0aedbc6b2f5e61135b7b7996a72",
                "shasum": ""
            },
            "require": {
                "ext-iconv": "*",
                "php": ">=7.2"
            },
            "provide": {
                "ext-mbstring": "*"
            },
            "suggest": {
                "ext-mbstring": "For best performance"
            },
            "type": "library",
            "extra": {
                "thanks": {
                    "url": "https://github.com/symfony/polyfill",
                    "name": "symfony/polyfill"
                }
            },
            "autoload": {
                "files": [
                    "bootstrap.php"
                ],
                "psr-4": {
                    "Symfony\\Polyfill\\Mbstring\\": ""
                }
            },
            "notification-url": "https://packagist.org/downloads/",
            "license": [
                "MIT"
            ],
            "authors": [
                {
                    "name": "Nicolas Grekas",
                    "email": "p@tchwork.com"
                },
                {
                    "name": "Symfony Community",
                    "homepage": "https://symfony.com/contributors"
                }
            ],
            "description": "Symfony polyfill for the Mbstring extension",
            "homepage": "https://symfony.com",
            "keywords": [
                "compatibility",
                "mbstring",
                "polyfill",
                "portable",
                "shim"
            ],
            "support": {
                "source": "https://github.com/symfony/polyfill-mbstring/tree/v1.43.0"
            },
            "funding": [
                {
                    "url": "https://symfony.com/sponsor",
                    "type": "custom"
                },
                {
                    "url": "https://github.com/fabpot",
                    "type": "github"
                },
                {
                    "url": "https://github.com/nicolas-grekas",
                    "type": "github"
                },
                {
                    "url": "https://tidelift.com/funding/github/packagist/symfony/symfony",
                    "type": "tidelift"
                }
            ],
            "time": "2026-09-24T15:19:04+00:00"
        },
        {
            "name": "symfony/polyfill-php85",
            "version": "v1.43.0",
            "source": {
                "type": "git",
                "url": "https://github.com/symfony/polyfill-php85.git",
                "reference": "86a42cbcc07adc331481a5ab310a4024bfc227f6"
            },
            "dist": {
                "type": "zip",
                "url": "https://api.github.com/repos/symfony/polyfill-php85/zipball/86a42cbcc07adc331481a5ab310a4024bfc227f6",
                "reference": "86a42cbcc07adc331481a5ab310a4024bfc227f6",
                "shasum": ""
            },
            "require": {
                "php": ">=7.2"
            },
            "type": "library",
            "extra": {
                "thanks": {
                    "url": "https://github.com/symfony/polyfill",
                    "name": "symfony/polyfill"
                }
            },
            "autoload": {
                "files": [
                    "bootstrap.php"
                ],
                "psr-4": {
                    "Symfony\\Polyfill\\Php85\\": ""
                },
                "classmap": [
                    "Resources/stubs"
                ]
            },
            "notification-url": "https://packagist.org/downloads/",
            "license": [
                "MIT"
            ],
            "authors": [
                {
                    "name": "Nicolas Grekas",
                    "email": "p@tchwork.com"
                },
                {
                    "name": "Symfony Community",
                    "homepage": "https://symfony.com/contributors"
                }
            ],
            "description": "Symfony polyfill backporting some PHP 8.5+ features to lower PHP versions",
            "homepage": "https://symfony.com",
            "keywords": [
                "compatibility",
                "polyfill",
                "portable",
                "shim"
            ],
            "support": {
                "source": "https://github.com/symfony/polyfill-php85/tree/v1.43.0"
            },
            "funding": [
                {
                    "url": "https://symfony.com/sponsor",
                    "type": "custom"
                },
                {
                    "url": "https://github.com/fabpot",
                    "type": "github"
                },
                {
                    "url": "https://github.com/nicolas-grekas",
                    "type": "github"
                },
                {
                    "url": "https://tidelift.com/funding/github/packagist/symfony/symfony",
                    "type": "tidelift"
                }
            ],
            "time": "2026-09-25T15:46:47+00:00"
        },
        {
            "name": "symfony/process",
            "version": "v8.1.7",
            "source": {
                "type": "git",
                "url": "https://github.com/symfony/process.git",
                "reference": "10823b09358e690df4ff943e24e8492bb1019fc3"
            },
            "dist": {
                "type": "zip",
                "url": "https://api.github.com/repos/symfony/process/zipball/10823b09358e690df4ff943e24e8492bb1019fc3",
                "reference": "10823b09358e690df4ff943e24e8492bb1019fc3",
                "shasum": ""
            },
            "require": {
                "php": ">=8.4.1"
            },
            "type": "library",
            "autoload": {
                "psr-4": {
                    "Symfony\\Component\\Process\\": ""
                },
                "exclude-from-classmap": [
                    "/Tests/"
                ]
            },
            "notification-url": "https://packagist.org/downloads/",
            "license": [
                "MIT"
            ],
            "authors": [
                {
                    "name": "Fabien Potencier",
                    "email": "fabien@symfony.com"
                },
                {
                    "name": "Symfony Community",
                    "homepage": "https://symfony.com/contributors"
                }
            ],
            "description": "Executes commands in sub-processes",
            "homepage": "https://symfony.com",
            "support": {
                "source": "https://github.com/symfony/process/tree/v8.1.7"
            },
            "funding": [
                {
                    "url": "https://symfony.com/sponsor",
                    "type": "custom"
                },
                {
                    "url": "https://github.com/fabpot",
                    "type": "github"
                },
                {
                    "url": "https://github.com/nicolas-grekas",
                    "type": "github"
                },
                {
                    "url": "https://tidelift.com/funding/github/packagist/symfony/symfony",
                    "type": "tidelift"
                }
            ],
            "time": "2026-09-02T12:40:29+00:00"
        },
        {
            "name": "symfony/service-contracts",
            "version": "v3.7.3",
            "source": {
                "type": "git",
                "url": "https://github.com/symfony/service-contracts.git",
                "reference": "15e6a07ec2a2c75ceb1b21dd98105ee8456d2257"
            },
            "dist": {
                "type": "zip",
                "url": "https://api.github.com/repos/symfony/service-contracts/zipball/15e6a07ec2a2c75ceb1b21dd98105ee8456d2257",
                "reference": "15e6a07ec2a2c75ceb1b21dd98105ee8456d2257",
                "shasum": ""
            },
            "require": {
                "php": ">=8.1",
                "psr/container": "^1.1|^2.0",
                "symfony/deprecation-contracts": "^2.5|^3"
            },
            "conflict": {
                "ext-psr": "<1.1|>=2"
            },
            "type": "library",
            "extra": {
                "thanks": {
                    "url": "https://github.com/symfony/contracts",
                    "name": "symfony/contracts"
                },
                "branch-alias": {
                    "dev-main": "3.7-dev"
                }
            },
            "autoload": {
                "psr-4": {
                    "Symfony\\Contracts\\Service\\": ""
                },
                "exclude-from-classmap": [
                    "/Test/"
                ]
            },
            "notification-url": "https://packagist.org/downloads/",
            "license": [
                "MIT"
            ],
            "authors": [
                {
                    "name": "Nicolas Grekas",
                    "email": "p@tchwork.com"
                },
                {
                    "name": "Symfony Community",
                    "homepage": "https://symfony.com/contributors"
                }
            ],
            "description": "Generic abstractions related to writing services",
            "homepage": "https://symfony.com",
            "keywords": [
                "abstractions",
                "contracts",
                "decoupling",
                "interfaces",
                "interoperability",
                "standards"
            ],
            "support": {
                "source": "https://github.com/symfony/service-contracts/tree/v3.7.3"
            },
            "funding": [
                {
                    "url": "https://symfony.com/sponsor",
                    "type": "custom"
                },
                {
                    "url": "https://github.com/fabpot",
                    "type": "github"
                },
                {
                    "url": "https://github.com/nicolas-grekas",
                    "type": "github"
                },
                {
                    "url": "https://tidelift.com/funding/github/packagist/symfony/symfony",
                    "type": "tidelift"
                }
            ],
            "time": "2026-07-27T15:39:01+00:00"
        },
        {
            "name": "symfony/string",
            "version": "v8.1.7",
            "source": {
                "type": "git",
                "url": "https://github.com/symfony/string.git",
                "reference": "d950140b5f56f31901e5b7a0c04ffc3a3deb943c"
            },
            "dist": {
                "type": "zip",
                "url": "https://api.github.com/repos/symfony/string/zipball/d950140b5f56f31901e5b7a0c04ffc3a3deb943c",
                "reference": "d950140b5f56f31901e5b7a0c04ffc3a3deb943c",
                "shasum": ""
            },
            "require": {
                "php": ">=8.4.1",
                "symfony/polyfill-ctype": "^1.8",
                "symfony/polyfill-intl-grapheme": "^1.33",
                "symfony/polyfill-intl-normalizer": "^1.0",
                "symfony/polyfill-mbstring": "^1.0"
            },
            "conflict": {
                "symfony/translation-contracts": "<2.5"
            },
            "require-dev": {
                "symfony/emoji": "^7.4|^8.0",
                "symfony/http-client": "^7.4|^8.0",
                "symfony/intl": "^7.4|^8.0",
                "symfony/translation-contracts": "^2.5|^3.0",
                "symfony/var-exporter": "^7.4|^8.0"
            },
            "type": "library",
            "autoload": {
                "files": [
                    "Resources/functions.php"
                ],
                "psr-4": {
                    "Symfony\\Component\\String\\": ""
                },
                "exclude-from-classmap": [
                    "/Tests/"
                ]
            },
            "notification-url": "https://packagist.org/downloads/",
            "license": [
                "MIT"
            ],
            "authors": [
                {
                    "name": "Nicolas Grekas",
                    "email": "p@tchwork.com"
                },
                {
                    "name": "Symfony Community",
                    "homepage": "https://symfony.com/contributors"
                }
            ],
            "description": "Provides an object-oriented API to strings and deals with bytes, UTF-8 code points and grapheme clusters in a unified way",
            "homepage": "https://symfony.com",
            "keywords": [
                "grapheme",
                "i18n",
                "string",
                "unicode",
                "utf-8",
                "utf8"
            ],
            "support": {
                "source": "https://github.com/symfony/string/tree/v8.1.7"
            },
            "funding": [
                {
                    "url": "https://symfony.com/sponsor",
                    "type": "custom"
                },
                {
                    "url": "https://github.com/fabpot",
                    "type": "github"
                },
                {
                    "url": "https://github.com/nicolas-grekas",
                    "type": "github"
                },
                {
                    "url": "https://tidelift.com/funding/github/packagist/symfony/symfony",
                    "type": "tidelift"
                }
            ],
            "time": "2026-09-11T14:51:16+00:00"
        }
    ],
    "aliases": [],
    "minimum-stability": "stable",
    "stability-flags": {},
    "prefer-stable": false,
    "prefer-lowest": false,
    "platform": {},
    "platform-dev": {},
    "plugin-api-version": "2.9.0"
}
